<?xml version="1.0" encoding="utf-8"?>
<Project ToolsVersion="4.0" xmlns="http://schemas.microsoft.com/developer/msbuild/2003">
  <ItemGroup>
    <Filter Include="Source Files">
      <UniqueIdentifier>{4FC737F1-C7A5-4376-A066-2A32D752A2FF}</UniqueIdentifier>
      <Extensions>cpp;c;cc;cxx;c++;def;odl;idl;hpj;bat;asm;asmx</Extensions>
    </Filter>
    <Filter Include="Header Files">
      <UniqueIdentifier>{93995380-89BD-4b04-88EB-625FBE52EBFB}</UniqueIdentifier>
      <Extensions>h;hh;hpp;hxx;h++;hm;inl;inc;ipp;xsd</Extensions>
    </Filter>
    <Filter Include="Resource Files">
      <UniqueIdentifier>{67DA6AB6-F800-4c08-8B7A-83BB121AAD01}</UniqueIdentifier>
      <Extensions>rc;ico;cur;bmp;dlg;rc2;rct;bin;rgs;gif;jpg;jpeg;jpe;resx;tiff;tif;png;wav;mfcribbon-ms</Extensions>
    </Filter>
  </ItemGroup>
  <ItemGroup>
    <ClInclude Include="framework.h">
      <Filter>Header Files</Filter>
    </ClInclude>
    <ClInclude Include="pch.h">
      <Filter>Header Files</Filter>
    </ClInclude>
    <ClInclude Include="LMath\LMath.h">
      <Filter>Header Files</Filter>
    </ClInclude>
    <ClInclude Include="LMath\Vec3.h">
      <Filter>Header Files</Filter>
    </ClInclude>
    <ClInclude Include="LMath\Vec4.h">
      <Filter>Header Files</Filter>
    </ClInclude>
    <ClInclude Include="LMath\Vec3_f.h">
      <Filter>Header Files</Filter>
    </ClInclude>
    <ClInclude Include="LMath\Vec3_d.h">
      <Filter>Header Files</Filter>
    </ClInclude>
    <ClInclude Include="LMath\Vec3_i.h">
      <Filter>Header Files</Filter>
    </ClInclude>
    <ClInclude Include="LMath\Matrix4x4.h">
      <Filter>Header Files</Filter>
    </ClInclude>
    <ClInclude Include="LMath\Matrix2x2.h">
      <Filter>Header Files</Filter>
    </ClInclude>
    <ClInclude Include="LMath\Vec2_f.h">
      <Filter>Header Files</Filter>
    </ClInclude>
    <ClInclude Include="LMath\Vec2.h">
      <Filter>Header Files</Filter>
    </ClInclude>
    <ClInclude Include="LMath\Vec4_f.h">
      <Filter>Header Files</Filter>
    </ClInclude>
    <ClInclude Include="LTimer\LTimer.h">
      <Filter>Header Files</Filter>
    </ClInclude>
    <ClInclude Include="Geometry\Mesh.h">
      <Filter>Header Files</Filter>
    </ClInclude>
    <ClInclude Include="Random\LRandom.h">
      <Filter>Header Files</Filter>
    </ClInclude>
    <ClInclude Include="Geometry\HalfEdgeMesh.h">
      <Filter>Header Files</Filter>
    </ClInclude>
    <ClInclude Include="Geometry\HalfEdgeMeshData.h">
      <Filter>Header Files</Filter>
    </ClInclude>
    <ClInclude Include="Geometry\MeshData.h">
      <Filter>Header Files</Filter>
    </ClInclude>
    <ClInclude Include="Geometry\LGeometry.h">
      <Filter>Header Files</Filter>
    </ClInclude>
    <ClInclude Include="Random\LNoise.h">
      <Filter>Header Files</Filter>
    </ClInclude>
    <ClInclude Include="LMath\Intersections.h">
      <Filter>Header Files</Filter>
    </ClInclude>
    <ClInclude Include="LMath\Vector.h">
      <Filter>Header Files</Filter>
    </ClInclude>
    <ClInclude Include="LMath\Matrix.h">
      <Filter>Header Files</Filter>
    </ClInclude>
  </ItemGroup>
  <ItemGroup>
    <ClCompile Include="LUtils.cpp">
      <Filter>Source Files</Filter>
    </ClCompile>
    <ClCompile Include="pch.cpp">
      <Filter>Source Files</Filter>
    </ClCompile>
  </ItemGroup>
</Project>